
Microsoft Visual Studio Solution File, Format Version 12.00
# Visual Studio Version 17
VisualStudioVersion = 17.7.34031.279
MinimumVisualStudioVersion = 10.0.40219.1
Project("{9A19103F-16F7-4668-BE54-9A1E7A4F7556}") = "T.Pipes", "T.Pipes\T.Pipes.csproj", "{96FC4F6D-C510-414D-9F9A-F9001DBCD796}"
EndProject
Project("{9A19103F-16F7-4668-BE54-9A1E7A4F7556}") = "T.Pipes.Test", "T.Pipes.Test\T.Pipes.Test.csproj", "{EDC6C256-B80C-40A3-9611-1C0F69D9387C}"
EndProject
Project("{9A19103F-16F7-4668-BE54-9A1E7A4F7556}") = "T.Pipes.SourceGeneration", "T.Pipes.SourceGeneration\T.Pipes.SourceGeneration.csproj", "{F9C08E5B-681B-4779-8000-12E95856EC1F}"
EndProject
Project("{9A19103F-16F7-4668-BE54-9A1E7A4F7556}") = "T.Pipes.Abstractions", "T.Pipes.Abstractions\T.Pipes.Abstractions.csproj", "{2EB92997-3F86-41C5-B909-7ED8F104B8A2}"
EndProject
Project("{9A19103F-16F7-4668-BE54-9A1E7A4F7556}") = "T.Pipes.Test.Client", "T.Pipes.Test.Client\T.Pipes.Test.Client.csproj", "{B19215CB-2247-42EF-8B42-57E9EDCAC37C}"
EndProject
Project("{9A19103F-16F7-4668-BE54-9A1E7A4F7556}") = "T.Pipes.Test.Server", "T.Pipes.Test.Server\T.Pipes.Test.Server.csproj", "{B0A904D3-555C-49DE-8D27-040E0BFB5EC7}"
EndProject
Project("{9A19103F-16F7-4668-BE54-9A1E7A4F7556}") = "T.Pipes.Test.Abstractions", "T.Pipes.Test.Abstractions\T.Pipes.Test.Abstractions.csproj", "{B0975DCB-7500-41CC-A667-7C413290D70B}"
EndProject
Project("{2150E333-8FDC-42A3-9474-1A3956D46DE8}") = "SolutionItems", "SolutionItems", "{F2EF6D60-F95A-4DEC-9315-5FFB42FDCE87}"
	ProjectSection(SolutionItems) = preProject
		.gitignore = .gitignore
		Directory.Build.props = Directory.Build.props
		LICENSE.txt = LICENSE.txt
		Neith_spacepedia.png = Neith_spacepedia.png
		pushNugetsTemplate.ps1 = pushNugetsTemplate.ps1
		README.md = README.md
		pushNugets.ps1 = pushNugets.ps1
	EndProjectSection
EndProject
Global
	GlobalSection(SolutionConfigurationPlatforms) = preSolution
		Debug|Any CPU = Debug|Any CPU
		Release|Any CPU = Release|Any CPU
	EndGlobalSection
	GlobalSection(ProjectConfigurationPlatforms) = postSolution
		{96FC4F6D-C510-414D-9F9A-F9001DBCD796}.Debug|Any CPU.ActiveCfg = Debug|Any CPU
		{96FC4F6D-C510-414D-9F9A-F9001DBCD796}.Debug|Any CPU.Build.0 = Debug|Any CPU
		{96FC4F6D-C510-414D-9F9A-F9001DBCD796}.Release|Any CPU.ActiveCfg = Release|Any CPU
		{96FC4F6D-C510-414D-9F9A-F9001DBCD796}.Release|Any CPU.Build.0 = Release|Any CPU
		{EDC6C256-B80C-40A3-9611-1C0F69D9387C}.Debug|Any CPU.ActiveCfg = Debug|Any CPU
		{EDC6C256-B80C-40A3-9611-1C0F69D9387C}.Debug|Any CPU.Build.0 = Debug|Any CPU
		{EDC6C256-B80C-40A3-9611-1C0F69D9387C}.Release|Any CPU.ActiveCfg = Release|Any CPU
		{EDC6C256-B80C-40A3-9611-1C0F69D9387C}.Release|Any CPU.Build.0 = Release|Any CPU
		{F9C08E5B-681B-4779-8000-12E95856EC1F}.Debug|Any CPU.ActiveCfg = Debug|Any CPU
		{F9C08E5B-681B-4779-8000-12E95856EC1F}.Debug|Any CPU.Build.0 = Debug|Any CPU
		{F9C08E5B-681B-4779-8000-12E95856EC1F}.Release|Any CPU.ActiveCfg = Release|Any CPU
		{F9C08E5B-681B-4779-8000-12E95856EC1F}.Release|Any CPU.Build.0 = Release|Any CPU
		{2EB92997-3F86-41C5-B909-7ED8F104B8A2}.Debug|Any CPU.ActiveCfg = Debug|Any CPU
		{2EB92997-3F86-41C5-B909-7ED8F104B8A2}.Debug|Any CPU.Build.0 = Debug|Any CPU
		{2EB92997-3F86-41C5-B909-7ED8F104B8A2}.Release|Any CPU.ActiveCfg = Release|Any CPU
		{2EB92997-3F86-41C5-B909-7ED8F104B8A2}.Release|Any CPU.Build.0 = Release|Any CPU
		{B19215CB-2247-42EF-8B42-57E9EDCAC37C}.Debug|Any CPU.ActiveCfg = Debug|Any CPU
		{B19215CB-2247-42EF-8B42-57E9EDCAC37C}.Debug|Any CPU.Build.0 = Debug|Any CPU
		{B19215CB-2247-42EF-8B42-57E9EDCAC37C}.Release|Any CPU.ActiveCfg = Release|Any CPU
		{B19215CB-2247-42EF-8B42-57E9EDCAC37C}.Release|Any CPU.Build.0 = Release|Any CPU
		{B0A904D3-555C-49DE-8D27-040E0BFB5EC7}.Debug|Any CPU.ActiveCfg = Debug|Any CPU
		{B0A904D3-555C-49DE-8D27-040E0BFB5EC7}.Debug|Any CPU.Build.0 = Debug|Any CPU
		{B0A904D3-555C-49DE-8D27-040E0BFB5EC7}.Release|Any CPU.ActiveCfg = Release|Any CPU
		{B0A904D3-555C-49DE-8D27-040E0BFB5EC7}.Release|Any CPU.Build.0 = Release|Any CPU
		{B0975DCB-7500-41CC-A667-7C413290D70B}.Debug|Any CPU.ActiveCfg = Debug|Any CPU
		{B0975DCB-7500-41CC-A667-7C413290D70B}.Debug|Any CPU.Build.0 = Debug|Any CPU
		{B0975DCB-7500-41CC-A667-7C413290D70B}.Release|Any CPU.ActiveCfg = Release|Any CPU
		{B0975DCB-7500-41CC-A667-7C413290D70B}.Release|Any CPU.Build.0 = Release|Any CPU
	EndGlobalSection
	GlobalSection(SolutionProperties) = preSolution
		HideSolutionNode = FALSE
	EndGlobalSection
	GlobalSection(ExtensibilityGlobals) = postSolution
		SolutionGuid = {5A4D5090-92B8-46E0-8E4F-6EC4FD0FEDAB}
	EndGlobalSection
EndGlobal
